// !$*UTF8*$!
{
	archiveVersion = 1;
	classes = {
	};
	objectVersion = 50;
	objects = {

/* Begin PBXBuildFile section */
		4AAA245D22CF7DA900FF3F0A /* AppDelegate.swift in Sources */ = {isa = PBXBuildFile; fileRef = 4AAA245C22CF7DA900FF3F0A /* AppDelegate.swift */; };
		4AAA245F22CF7DA900FF3F0A /* ViewController.swift in Sources */ = {isa = PBXBuildFile; fileRef = 4AAA245E22CF7DA900FF3F0A /* ViewController.swift */; };
		4AAA246222CF7DA900FF3F0A /* Main.storyboard in Resources */ = {isa = PBXBuildFile; fileRef = 4AAA246022CF7DA900FF3F0A /* Main.storyboard */; };
		4AAA246422CF7DAA00FF3F0A /* Assets.xcassets in Resources */ = {isa = PBXBuildFile; fileRef = 4AAA246322CF7DAA00FF3F0A /* Assets.xcassets */; };
		4AAA246722CF7DAA00FF3F0A /* LaunchScreen.storyboard in Resources */ = {isa = PBXBuildFile; fileRef = 4AAA246522CF7DAA00FF3F0A /* LaunchScreen.storyboard */; };
		4AAA247222CF7DAA00FF3F0A /* MyCollectionViewAppTests.swift in Sources */ = {isa = PBXBuildFile; fileRef = 4AAA247122CF7DAA00FF3F0A /* MyCollectionViewAppTests.swift */; };
		4AAA247D22CF819C00FF3F0A /* CollectionViewCell.swift in Sources */ = {isa = PBXBuildFile; fileRef = 4AAA247C22CF819C00FF3F0A /* CollectionViewCell.swift */; };
/* End PBXBuildFile section */

/* Begin PBXContainerItemProxy section */
		4AAA246E22CF7DAA00FF3F0A /* PBXContainerItemProxy */ = {
			isa = PBXContainerItemProxy;
			containerPortal = 4AAA245122CF7DA900FF3F0A /* Project object */;
			proxyType = 1;
			remoteGlobalIDString = 4AAA245822CF7DA900FF3F0A;
			remoteInfo = MyCollectionViewApp;
		};
/* End PBXContainerItemProxy section */

/* Begin PBXFileReference section */
		4AAA245922CF7DA900FF3F0A /* MyCollectionViewApp.app */ = {isa = PBXFileReference; explicitFileType = wrapper.application; includeInIndex = 0; path = MyCollectionViewApp.app; sourceTree = BUILT_PRODUCTS_DIR; };
		4AAA245C22CF7DA900FF3F0A /* AppDelegate.swift */ = {isa = PBXFileReference; lastKnownFileType = sourcecode.swift; path = AppDelegate.swift; sourceTree = "<group>"; };
		4AAA245E22CF7DA900FF3F0A /* ViewController.swift */ = {isa = PBXFileReference; lastKnownFileType = sourcecode.swift; path = ViewController.swift; sourceTree = "<group>"; };
		4AAA246122CF7DA900FF3F0A /* Base */ = {isa = PBXFileReference; lastKnownFileType = file.storyboard; name = Base; path = Base.lproj/Main.storyboard; sourceTree = "<group>"; };
		4AAA246322CF7DAA00FF3F0A /* Assets.xcassets */ = {isa = PBXFileReference; lastKnownFileType = folder.assetcatalog; path = Assets.xcassets; sourceTree = "<group>"; };
		4AAA246622CF7DAA00FF3F0A /* Base */ = {isa = PBXFileReference; lastKnownFileType = file.storyboard; name = Base; path = Base.lproj/LaunchScreen.storyboard; sourceTree = "<group>"; };
		4AAA246822CF7DAA00FF3F0A /* Info.plist */ = {isa = PBXFileReference; lastKnownFileType = text.plist.xml; path = Info.plist; sourceTree = "<group>"; };
		4AAA246D22CF7DAA00FF3F0A /* MyCollectionViewAppTests.xctest */ = {isa = PBXFileReference; explicitFileType = wrapper.cfbundle; includeInIndex = 0; path = MyCollectionViewAppTests.xctest; sourceTree = BUILT_PRODUCTS_DIR; };
		4AAA247122CF7DAA00FF3F0A /* MyCollectionViewAppTests.swift */ = {isa = PBXFileReference; lastKnownFileType = sourcecode.swift; path = MyCollectionViewAppTests.swift; sourceTree = "<group>"; };
		4AAA247322CF7DAA00FF3F0A /* Info.plist */ = {isa = PBXFileReference; lastKnownFileType = text.plist.xml; path = Info.plist; sourceTree = "<group>"; };
		4AAA247C22CF819C00FF3F0A /* CollectionViewCell.swift */ = {isa = PBXFileReference; lastKnownFileType = sourcecode.swift; path = CollectionViewCell.swift; sourceTree = "<group>"; };
/* End PBXFileReference section */

/* Begin PBXFrameworksBuildPhase section */
		4AAA245622CF7DA900FF3F0A /* Frameworks */ = {
			isa = PBXFrameworksBuildPhase;
			buildActionMask = 2147483647;
			files = (
			);
			runOnlyForDeploymentPostprocessing = 0;
		};
		4AAA246A22CF7DAA00FF3F0A /* Frameworks */ = {
			isa = PBXFrameworksBuildPhase;
			buildActionMask = 2147483647;
			files = (
			);
			runOnlyForDeploymentPostprocessing = 0;
		};
/* End PBXFrameworksBuildPhase section */

/* Begin PBXGroup section */
		4AAA245022CF7DA900FF3F0A = {
			isa = PBXGroup;
			children = (
				4AAA245B22CF7DA900FF3F0A /* MyCollectionViewApp */,
				4AAA247022CF7DAA00FF3F0A /* MyCollectionViewAppTests */,
				4AAA245A22CF7DA900FF3F0A /* Products */,
			);
			sourceTree = "<group>";
		};
		4AAA245A22CF7DA900FF3F0A /* Products */ = {
			isa = PBXGroup;
			children = (
				4AAA245922CF7DA900FF3F0A /* MyCollectionViewApp.app */,
				4AAA246D22CF7DAA00FF3F0A /* MyCollectionViewAppTests.xctest */,
			);
			name = Products;
			sourceTree = "<group>";
		};
		4AAA245B22CF7DA900FF3F0A /* MyCollectionViewApp */ = {
			isa = PBXGroup;
			children = (
				4AAA245C22CF7DA900FF3F0A /* AppDelegate.swift */,
				4AAA245E22CF7DA900FF3F0A /* ViewController.swift */,
				4AAA247C22CF819C00FF3F0A /* CollectionViewCell.swift */,
				4AAA246022CF7DA900FF3F0A /* Main.storyboard */,
				4AAA246322CF7DAA00FF3F0A /* Assets.xcassets */,
				4AAA246522CF7DAA00FF3F0A /* LaunchScreen.storyboard */,
				4AAA246822CF7DAA00FF3F0A /* Info.plist */,
			);
			path = MyCollectionViewApp;
			sourceTree = "<group>";
		};
		4AAA247022CF7DAA00FF3F0A /* MyCollectionViewAppTests */ = {
			isa = PBXGroup;
			children = (
				4AAA247122CF7DAA00FF3F0A /* MyCollectionViewAppTests.swift */,
				4AAA247322CF7DAA00FF3F0A /* Info.plist */,
			);
			path = MyCollectionViewAppTests;
			sourceTree = "<group>";
		};
/* End PBXGroup section */

/* Begin PBXNativeTarget section */
		4AAA245822CF7DA900FF3F0A /* MyCollectionViewApp */ = {
			isa = PBXNativeTarget;
			buildConfigurationList = 4AAA247622CF7DAA00FF3F0A /* Build configuration list for PBXNativeTarget "MyCollectionViewApp" */;
			buildPhases = (
				4AAA245522CF7DA900FF3F0A /* Sources */,
				4AAA245622CF7DA900FF3F0A /* Frameworks */,
				4AAA245722CF7DA900FF3F0A /* Resources */,
			);
			buildRules = (
			);
			dependencies = (
			);
			name = MyCollectionViewApp;
			productName = MyCollectionViewApp;
			productReference = 4AAA245922CF7DA900FF3F0A /* MyCollectionViewApp.app */;
			productType = "com.apple.product-type.application";
		};
		4AAA246C22CF7DAA00FF3F0A /* MyCollectionViewAppTests */ = {
			isa = PBXNativeTarget;
			buildConfigurationList = 4AAA247922CF7DAA00FF3F0A /* Build configuration list for PBXNativeTarget "MyCollectionViewAppTests" */;
			buildPhases = (
				4AAA246922CF7DAA00FF3F0A /* Sources */,
				4AAA246A22CF7DAA00FF3F0A /* Frameworks */,
				4AAA246B22CF7DAA00FF3F0A /* Resources */,
			);
			buildRules = (
			);
			dependencies = (
				4AAA246F22CF7DAA00FF3F0A /* PBXTargetDependency */,
			);
			name = MyCollectionViewAppTests;
			productName = MyCollectionViewAppTests;
			productReference = 4AAA246D22CF7DAA00FF3F0A /* MyCollectionViewAppTests.xctest */;
			productType = "com.apple.product-type.bundle.unit-test";
		};
/* End PBXNativeTarget section */

/* Begin PBXProject section */
		4AAA245122CF7DA900FF3F0A /* Project object */ = {
			isa = PBXProject;
			attributes = {
				LastSwiftUpdateCheck = 1020;
				LastUpgradeCheck = 1020;
				ORGANIZATIONNAME = "Usman Nazir";
				TargetAttributes = {
					4AAA245822CF7DA900FF3F0A = {
						CreatedOnToolsVersion = 10.2;
					};
					4AAA246C22CF7DAA00FF3F0A = {
						CreatedOnToolsVersion = 10.2;
						TestTargetID = 4AAA245822CF7DA900FF3F0A;
					};
				};
			};
			buildConfigurationList = 4AAA245422CF7DA900FF3F0A /* Build configuration list for PBXProject "MyCollectionViewApp" */;
			compatibilityVersion = "Xcode 9.3";
			developmentRegion = en;
			hasScannedForEncodings = 0;
			knownRegions = (
				en,
				Base,
			);
			mainGroup = 4AAA245022CF7DA900FF3F0A;
			productRefGroup = 4AAA245A22CF7DA900FF3F0A /* Products */;
			projectDirPath = "";
			projectRoot = "";
			targets = (
				4AAA245822CF7DA900FF3F0A /* MyCollectionViewApp */,
				4AAA246C22CF7DAA00FF3F0A /* MyCollectionViewAppTests */,
			);
		};
/* End PBXProject section */

/* Begin PBXResourcesBuildPhase section */
		4AAA245722CF7DA900FF3F0A /* Resources */ = {
			isa = PBXResourcesBuildPhase;
			buildActionMask = 2147483647;
			files = (
				4AAA246722CF7DAA00FF3F0A /* LaunchScreen.storyboard in Resources */,
				4AAA246422CF7DAA00FF3F0A /* Assets.xcassets in Resources */,
				4AAA246222CF7DA900FF3F0A /* Main.storyboard in Resources */,
			);
			runOnlyForDeploymentPostprocessing = 0;
		};
		4AAA246B22CF7DAA00FF3F0A /* Resources */ = {
			isa = PBXResourcesBuildPhase;
			buildActionMask = 2147483647;
			files = (
			);
			runOnlyForDeploymentPostprocessing = 0;
		};
/* End PBXResourcesBuildPhase section */

/* Begin PBXSourcesBuildPhase section */
		4AAA245522CF7DA900FF3F0A /* Sources */ = {
			isa = PBXSourcesBuildPhase;
			buildActionMask = 2147483647;
			files = (
				4AAA245F22CF7DA900FF3F0A /* ViewController.swift in Sources */,
				4AAA245D22CF7DA900FF3F0A /* AppDelegate.swift in Sources */,
				4AAA247D22CF819C00FF3F0A /* CollectionViewCell.swift in Sources */,
			);
			runOnlyForDeploymentPostprocessing = 0;
		};
		4AAA246922CF7DAA00FF3F0A /* Sources */ = {
			isa = PBXSourcesBuildPhase;
			buildActionMask = 2147483647;
			files = (
				4AAA247222CF7DAA00FF3F0A /* MyCollectionViewAppTests.swift in Sources */,
			);
			runOnlyForDeploymentPostprocessing = 0;
		};
/* End PBXSourcesBuildPhase section */

/* Begin PBXTargetDependency section */
		4AAA246F22CF7DAA00FF3F0A /* PBXTargetDependency */ = {
			isa = PBXTargetDependency;
			target = 4AAA245822CF7DA900FF3F0A /* MyCollectionViewApp */;
			targetProxy = 4AAA246E22CF7DAA00FF3F0A /* PBXContainerItemProxy */;
		};
/* End PBXTargetDependency section */

/* Begin PBXVariantGroup section */
		4AAA246022CF7DA900FF3F0A /* Main.storyboard */ = {
			isa = PBXVariantGroup;
			children = (
				4AAA246122CF7DA900FF3F0A /* Base */,
			);
			name = Main.storyboard;
			sourceTree = "<group>";
		};
		4AAA246522CF7DAA00FF3F0A /* LaunchScreen.storyboard */ = {
			isa = PBXVariantGroup;
			children = (
				4AAA246622CF7DAA00FF3F0A /* Base */,
			);
			name = LaunchScreen.storyboard;
			sourceTree = "<group>";
		};
/* End PBXVariantGroup section */

/* Begin XCBuildConfiguration section */
		4AAA247422CF7DAA00FF3F0A /* Debug */ = {
			isa = XCBuildConfiguration;
			buildSettings = {
				ALWAYS_SEARCH_USER_PATHS = NO;
				CLANG_ANALYZER_NONNULL = YES;
				CLANG_ANALYZER_NUMBER_OBJECT_CONVERSION = YES_AGGRESSIVE;
				CLANG_CXX_LANGUAGE_STANDARD = "gnu++14";
				CLANG_CXX_LIBRARY = "libc++";
				CLANG_ENABLE_MODULES = YES;
				CLANG_ENABLE_OBJC_ARC = YES;
				CLANG_ENABLE_OBJC_WEAK = YES;
				CLANG_WARN_BLOCK_CAPTURE_AUTORELEASING = YES;
				CLANG_WARN_BOOL_CONVERSION = YES;
				CLANG_WARN_COMMA = YES;
				CLANG_WARN_CONSTANT_CONVERSION = YES;
				CLANG_WARN_DEPRECATED_OBJC_IMPLEMENTATIONS = YES;
				CLANG_WARN_DIRECT_OBJC_ISA_USAGE = YES_ERROR;
				CLANG_WARN_DOCUMENTATION_COMMENTS = YES;
				CLANG_WARN_EMPTY_BODY = YES;
				CLANG_WARN_ENUM_CONVERSION = YES;
				CLANG_WARN_INFINITE_RECURSION = YES;
				CLANG_WARN_INT_CONVERSION = YES;
				CLANG_WARN_NON_LITERAL_NULL_CONVERSION = YES;
				CLANG_WARN_OBJC_IMPLICIT_RETAIN_SELF = YES;
				CLANG_WARN_OBJC_LITERAL_CONVERSION = YES;
				CLANG_WARN_OBJC_ROOT_CLASS = YES_ERROR;
				CLANG_WARN_RANGE_LOOP_ANALYSIS = YES;
				CLANG_WARN_STRICT_PROTOTYPES = YES;
				CLANG_WARN_SUSPICIOUS_MOVE = YES;
				CLANG_WARN_UNGUARDED_AVAILABILITY = YES_AGGRESSIVE;
				CLANG_WARN_UNREACHABLE_CODE = YES;
				CLANG_WARN__DUPLICATE_METHOD_MATCH = YES;
				CODE_SIGN_IDENTITY = "iPhone Developer";
				COPY_PHASE_STRIP = NO;
				DEBUG_INFORMATION_FORMAT = dwarf;
				ENABLE_STRICT_OBJC_MSGSEND = YES;
				ENABLE_TESTABILITY = YES;
				GCC_C_LANGUAGE_STANDARD = gnu11;
				GCC_DYNAMIC_NO_PIC = NO;
				GCC_NO_COMMON_BLOCKS = YES;
				GCC_OPTIMIZATION_LEVEL = 0;
				GCC_PREPROCESSOR_DEFINITIONS = (
					"DEBUG=1",
					"$(inherited)",
				);
				GCC_WARN_64_TO_32_BIT_CONVERSION = YES;
				GCC_WARN_ABOUT_RETURN_TYPE = YES_ERROR;
				GCC_WARN_UNDECLARED_SELECTOR = YES;
				GCC_WARN_UNINITIALIZED_AUTOS = YES_AGGRESSIVE;
				GCC_WARN_UNUSED_FUNCTION = YES;
				GCC_WARN_UNUSED_VARIABLE = YES;
				IPHONEOS_DEPLOYMENT_TARGET = 12.2;
				MTL_ENABLE_DEBUG_INFO = INCLUDE_SOURCE;
				MTL_FAST_MATH = YES;
				ONLY_ACTIVE_ARCH = YES;
				SDKROOT = iphoneos;
				SWIFT_ACTIVE_COMPILATION_CONDITIONS = DEBUG;
				SWIFT_OPTIMIZATION_LEVEL = "-Onone";
			};
			name = Debug;
		};
		4AAA247522CF7DAA00FF3F0A /* Release */ = {
			isa = XCBuildConfiguration;
			buildSettings = {
				ALWAYS_SEARCH_USER_PATHS = NO;
				CLANG_ANALYZER_NONNULL = YES;
				CLANG_ANALYZER_NUMBER_OBJECT_CONVERSION = YES_AGGRESSIVE;
				CLANG_CXX_LANGUAGE_STANDARD = "gnu++14";
				CLANG_CXX_LIBRARY = "libc++";
				CLANG_ENABLE_MODULES = YES;
				CLANG_ENABLE_OBJC_ARC = YES;
				CLANG_ENABLE_OBJC_WEAK = YES;
				CLANG_WARN_BLOCK_CAPTURE_AUTORELEASING = YES;
				CLANG_WARN_BOOL_CONVERSION = YES;
				CLANG_WARN_COMMA = YES;
				CLANG_WARN_CONSTANT_CONVERSION = YES;
				CLANG_WARN_DEPRECATED_OBJC_IMPLEMENTATIONS = YES;
				CLANG_WARN_DIRECT_OBJC_ISA_USAGE = YES_ERROR;
				CLANG_WARN_DOCUMENTATION_COMMENTS = YES;
				CLANG_WARN_EMPTY_BODY = YES;
				CLANG_WARN_ENUM_CONVERSION = YES;
				CLANG_WARN_INFINITE_RECURSION = YES;
				CLANG_WARN_INT_CONVERSION = YES;
				CLANG_WARN_NON_LITERAL_NULL_CONVERSION = YES;
				CLANG_WARN_OBJC_IMPLICIT_RETAIN_SELF = YES;
				CLANG_WARN_OBJC_LITERAL_CONVERSION = YES;
				CLANG_WARN_OBJC_ROOT_CLASS = YES_ERROR;
				CLANG_WARN_RANGE_LOOP_ANALYSIS = YES;
				CLANG_WARN_STRICT_PROTOTYPES = YES;
				CLANG_WARN_SUSPICIOUS_MOVE = YES;
				CLANG_WARN_UNGUARDED_AVAILABILITY = YES_AGGRESSIVE;
				CLANG_WARN_UNREACHABLE_CODE = YES;
				CLANG_WARN__DUPLICATE_METHOD_MATCH = YES;
				CODE_SIGN_IDENTITY = "iPhone Developer";
				COPY_PHASE_STRIP = NO;
				DEBUG_INFORMATION_FORMAT = "dwarf-with-dsym";
				ENABLE_NS_ASSERTIONS = NO;
				ENABLE_STRICT_OBJC_MSGSEND = YES;
				GCC_C_LANGUAGE_STANDARD = gnu11;
				GCC_NO_COMMON_BLOCKS = YES;
				GCC_WARN_64_TO_32_BIT_CONVERSION = YES;
				GCC_WARN_ABOUT_RETURN_TYPE = YES_ERROR;
				GCC_WARN_UNDECLARED_SELECTOR = YES;
				GCC_WARN_UNINITIALIZED_AUTOS = YES_AGGRESSIVE;
				GCC_WARN_UNUSED_FUNCTION = YES;
				GCC_WARN_UNUSED_VARIABLE = YES;
				IPHONEOS_DEPLOYMENT_TARGET = 12.2;
				MTL_ENABLE_DEBUG_INFO = NO;
				MTL_FAST_MATH = YES;
				SDKROOT = iphoneos;
				SWIFT_COMPILATION_MODE = wholemodule;
				SWIFT_OPTIMIZATION_LEVEL = "-O";
				VALIDATE_PRODUCT = YES;
			};
			name = Release;
		};
		4AAA247722CF7DAA00FF3F0A /* Debug */ = {
			isa = XCBuildConfiguration;
			buildSettings = {
				ASSETCATALOG_COMPILER_APPICON_NAME = AppIcon;
				CODE_SIGN_STYLE = Automatic;
				INFOPLIST_FILE = MyCollectionViewApp/Info.plist;
				LD_RUNPATH_SEARCH_PATHS = (
					"$(inherited)",
					"@executable_path/Frameworks",
				);
				PRODUCT_BUNDLE_IDENTIFIER = com.example.MyCollectionViewApp;
				PRODUCT_NAME = "$(TARGET_NAME)";
				SWIFT_VERSION = 5.0;
				TARGETED_DEVICE_FAMILY = "1,2";
			};
			name = Debug;
		};
		4AAA247822CF7DAA00FF3F0A /* Release */ = {
			isa = XCBuildConfiguration;
			buildSettings = {
				ASSETCATALOG_COMPILER_APPICON_NAME = AppIcon;
				CODE_SIGN_STYLE = Automatic;
				INFOPLIST_FILE = MyCollectionViewApp/Info.plist;
				LD_RUNPATH_SEARCH_PATHS = (
					"$(inherited)",
					"@executable_path/Frameworks",
				);
				PRODUCT_BUNDLE_IDENTIFIER = com.example.MyCollectionViewApp;
				PRODUCT_NAME = "$(TARGET_NAME)";
				SWIFT_VERSION = 5.0;
				TARGETED_DEVICE_FAMILY = "1,2";
			};
			name = Release;
		};
		4AAA247A22CF7DAA00FF3F0A /* Debug */ = {
			isa = XCBuildConfiguration;
			buildSettings = {
				ALWAYS_EMBED_SWIFT_STANDARD_LIBRARIES = YES;
				BUNDLE_LOADER = "$(TEST_HOST)";
				CODE_SIGN_STYLE = Automatic;
				INFOPLIST_FILE = MyCollectionViewAppTests/Info.plist;
				LD_RUNPATH_SEARCH_PATHS = (
					"$(inherited)",
					"@executable_path/Frameworks",
					"@loader_path/Frameworks",
				);
				PRODUCT_BUNDLE_IDENTIFIER = com.example.MyCollectionViewAppTests;
				PRODUCT_NAME = "$(TARGET_NAME)";
				SWIFT_VERSION = 5.0;
				TARGETED_DEVICE_FAMILY = "1,2";
				TEST_HOST = "$(BUILT_PRODUCTS_DIR)/MyCollectionViewApp.app/MyCollectionViewApp";
			};
			name = Debug;
		};
		4AAA247B22CF7DAA00FF3F0A /* Release */ = {
			isa = XCBuildConfiguration;
			buildSettings = {
				ALWAYS_EMBED_SWIFT_STANDARD_LIBRARIES = YES;
				BUNDLE_LOADER = "$(TEST_HOST)";
				CODE_SIGN_STYLE = Automatic;
				INFOPLIST_FILE = MyCollectionViewAppTests/Info.plist;
				LD_RUNPATH_SEARCH_PATHS = (
					"$(inherited)",
					"@executable_path/Frameworks",
					"@loader_path/Frameworks",
				);
				PRODUCT_BUNDLE_IDENTIFIER = com.example.MyCollectionViewAppTests;
				PRODUCT_NAME = "$(TARGET_NAME)";
				SWIFT_VERSION = 5.0;
				TARGETED_DEVICE_FAMILY = "1,2";
				TEST_HOST = "$(BUILT_PRODUCTS_DIR)/MyCollectionViewApp.app/MyCollectionViewApp";
			};
			name = Release;
		};
/* End XCBuildConfiguration section */

/* Begin XCConfigurationList section */
		4AAA245422CF7DA900FF3F0A /* Build configuration list for PBXProject "MyCollectionViewApp" */ = {
			isa = XCConfigurationList;
			buildConfigurations = (
				4AAA247422CF7DAA00FF3F0A /* Debug */,
				4AAA247522CF7DAA00FF3F0A /* Release */,
			);
			defaultConfigurationIsVisible = 0;
			defaultConfigurationName = Release;
		};
		4AAA247622CF7DAA00FF3F0A /* Build configuration list for PBXNativeTarget "MyCollectionViewApp" */ = {
			isa = XCConfigurationList;
			buildConfigurations = (
				4AAA247722CF7DAA00FF3F0A /* Debug */,
				4AAA247822CF7DAA00FF3F0A /* Release */,
			);
			defaultConfigurationIsVisible = 0;
			defaultConfigurationName = Release;
		};
		4AAA247922CF7DAA00FF3F0A /* Build configuration list for PBXNativeTarget "MyCollectionViewAppTests" */ = {
			isa = XCConfigurationList;
			buildConfigurations = (
				4AAA247A22CF7DAA00FF3F0A /* Debug */,
				4AAA247B22CF7DAA00FF3F0A /* Release */,
			);
			defaultConfigurationIsVisible = 0;
			defaultConfigurationName = Release;
		};
/* End XCConfigurationList section */
	};
	rootObject = 4AAA245122CF7DA900FF3F0A /* Project object */;
}
